
Microsoft Visual Studio Solution File, Format Version 12.00
# Visual Studio Version 17
VisualStudioVersion = 17.14.36109.1
MinimumVisualStudioVersion = 10.0.40219.1
Project("{FAE04EC0-301F-11D3-BF4B-00C04F79EFBC}") = "pepeizqs deals blazor web", "pepeizqs deals blazor web\pepeizqs deals blazor web.csproj", "{69407CDF-22FA-420C-8D45-83AB90F8A37E}"
EndProject
Global
	GlobalSection(SolutionConfigurationPlatforms) = preSolution
		Debug|Any CPU = Debug|Any CPU
		Release|Any CPU = Release|Any CPU
	EndGlobalSection
	GlobalSection(ProjectConfigurationPlatforms) = postSolution
		{69407CDF-22FA-420C-8D45-83AB90F8A37E}.Debug|Any CPU.ActiveCfg = Debug|Any CPU
		{69407CDF-22FA-420C-8D45-83AB90F8A37E}.Debug|Any CPU.Build.0 = Debug|Any CPU
		{69407CDF-22FA-420C-8D45-83AB90F8A37E}.Release|Any CPU.ActiveCfg = Release|Any CPU
		{69407CDF-22FA-420C-8D45-83AB90F8A37E}.Release|Any CPU.Build.0 = Release|Any CPU
	EndGlobalSection
	GlobalSection(SolutionProperties) = preSolution
		HideSolutionNode = FALSE
	EndGlobalSection
	GlobalSection(ExtensibilityGlobals) = postSolution
		SolutionGuid = {A82F6444-2322-4217-98E6-CC32435AD285}
	EndGlobalSection
EndGlobal
